// !$*UTF8*$!
{
	archiveVersion = 1;
	classes = {
	};
	objectVersion = 77;
	objects = {

/* Begin PBXBuildFile section */
		1E107E242CDF407900B47633 /* FirebaseAnalytics in Frameworks */ = {isa = PBXBuildFile; productRef = 1E107E232CDF407900B47633 /* FirebaseAnalytics */; };
		1E107E262CDF407900B47633 /* FirebaseAnalyticsOnDeviceConversion in Frameworks */ = {isa = PBXBuildFile; productRef = 1E107E252CDF407900B47633 /* FirebaseAnalyticsOnDeviceConversion */; };
		1E107E282CDF407900B47633 /* FirebaseAnalyticsWithoutAdIdSupport in Frameworks */ = {isa = PBXBuildFile; productRef = 1E107E272CDF407900B47633 /* FirebaseAnalyticsWithoutAdIdSupport */; };
		1E107E2A2CDF407900B47633 /* FirebaseAppCheck in Frameworks */ = {isa = PBXBuildFile; productRef = 1E107E292CDF407900B47633 /* FirebaseAppCheck */; };
		1E107E2C2CDF407900B47633 /* FirebaseAppDistribution-Beta in Frameworks */ = {isa = PBXBuildFile; productRef = 1E107E2B2CDF407900B47633 /* FirebaseAppDistribution-Beta */; };
		1E107E822CDF4CAF00B47633 /* FirebaseAuth in Frameworks */ = {isa = PBXBuildFile; productRef = 1E107E812CDF4CAF00B47633 /* FirebaseAuth */; };
		1E107E842CDF4CAF00B47633 /* FirebaseAuthCombine-Community in Frameworks */ = {isa = PBXBuildFile; productRef = 1E107E832CDF4CAF00B47633 /* FirebaseAuthCombine-Community */; };
		1E107E862CDF4CAF00B47633 /* FirebaseCore in Frameworks */ = {isa = PBXBuildFile; productRef = 1E107E852CDF4CAF00B47633 /* FirebaseCore */; };
		1E107E882CDF4CAF00B47633 /* FirebaseCrashlytics in Frameworks */ = {isa = PBXBuildFile; productRef = 1E107E872CDF4CAF00B47633 /* FirebaseCrashlytics */; };
		1E107E8A2CDF4CAF00B47633 /* FirebaseDatabase in Frameworks */ = {isa = PBXBuildFile; productRef = 1E107E892CDF4CAF00B47633 /* FirebaseDatabase */; };
		1E107E8C2CDF4CAF00B47633 /* FirebaseDynamicLinks in Frameworks */ = {isa = PBXBuildFile; productRef = 1E107E8B2CDF4CAF00B47633 /* FirebaseDynamicLinks */; };
		1E107E8E2CDF4CAF00B47633 /* FirebaseFirestore in Frameworks */ = {isa = PBXBuildFile; productRef = 1E107E8D2CDF4CAF00B47633 /* FirebaseFirestore */; };
		1E107E902CDF4CAF00B47633 /* FirebaseFirestoreCombine-Community in Frameworks */ = {isa = PBXBuildFile; productRef = 1E107E8F2CDF4CAF00B47633 /* FirebaseFirestoreCombine-Community */; };
		1E107E922CDF4CAF00B47633 /* FirebaseFunctions in Frameworks */ = {isa = PBXBuildFile; productRef = 1E107E912CDF4CAF00B47633 /* FirebaseFunctions */; };
		1E107E942CDF4CAF00B47633 /* FirebaseFunctionsCombine-Community in Frameworks */ = {isa = PBXBuildFile; productRef = 1E107E932CDF4CAF00B47633 /* FirebaseFunctionsCombine-Community */; };
		1E107E962CDF4CAF00B47633 /* FirebaseInAppMessaging-Beta in Frameworks */ = {isa = PBXBuildFile; productRef = 1E107E952CDF4CAF00B47633 /* FirebaseInAppMessaging-Beta */; };
		1E107E982CDF4CAF00B47633 /* FirebaseInstallations in Frameworks */ = {isa = PBXBuildFile; productRef = 1E107E972CDF4CAF00B47633 /* FirebaseInstallations */; };
		1E107E9A2CDF4CAF00B47633 /* FirebaseMLModelDownloader in Frameworks */ = {isa = PBXBuildFile; productRef = 1E107E992CDF4CAF00B47633 /* FirebaseMLModelDownloader */; };
		1E107E9C2CDF4CAF00B47633 /* FirebaseMessaging in Frameworks */ = {isa = PBXBuildFile; productRef = 1E107E9B2CDF4CAF00B47633 /* FirebaseMessaging */; };
		1E107E9E2CDF4CAF00B47633 /* FirebasePerformance in Frameworks */ = {isa = PBXBuildFile; productRef = 1E107E9D2CDF4CAF00B47633 /* FirebasePerformance */; };
		1E107EA02CDF4CAF00B47633 /* FirebaseRemoteConfig in Frameworks */ = {isa = PBXBuildFile; productRef = 1E107E9F2CDF4CAF00B47633 /* FirebaseRemoteConfig */; };
		1E107EA22CDF4CAF00B47633 /* FirebaseStorage in Frameworks */ = {isa = PBXBuildFile; productRef = 1E107EA12CDF4CAF00B47633 /* FirebaseStorage */; };
		1E107EA42CDF4CAF00B47633 /* FirebaseStorageCombine-Community in Frameworks */ = {isa = PBXBuildFile; productRef = 1E107EA32CDF4CAF00B47633 /* FirebaseStorageCombine-Community */; };
		1E107EA62CDF4CAF00B47633 /* FirebaseVertexAI in Frameworks */ = {isa = PBXBuildFile; productRef = 1E107EA52CDF4CAF00B47633 /* FirebaseVertexAI */; };
		1E107EA82CDF4CF500B47633 /* FirebaseAuth in Frameworks */ = {isa = PBXBuildFile; productRef = 1E107EA72CDF4CF500B47633 /* FirebaseAuth */; };
		1E107EAA2CDF4CF500B47633 /* FirebaseAuthCombine-Community in Frameworks */ = {isa = PBXBuildFile; productRef = 1E107EA92CDF4CF500B47633 /* FirebaseAuthCombine-Community */; };
		1E107EAC2CDF4CF500B47633 /* FirebaseCore in Frameworks */ = {isa = PBXBuildFile; productRef = 1E107EAB2CDF4CF500B47633 /* FirebaseCore */; };
		1E107EAE2CDF4CF500B47633 /* FirebaseCrashlytics in Frameworks */ = {isa = PBXBuildFile; productRef = 1E107EAD2CDF4CF500B47633 /* FirebaseCrashlytics */; };
		1E107EB02CDF4CF500B47633 /* FirebaseDatabase in Frameworks */ = {isa = PBXBuildFile; productRef = 1E107EAF2CDF4CF500B47633 /* FirebaseDatabase */; };
		1E107EB22CDF4CF500B47633 /* FirebaseDynamicLinks in Frameworks */ = {isa = PBXBuildFile; productRef = 1E107EB12CDF4CF500B47633 /* FirebaseDynamicLinks */; };
		1E107EB42CDF4CF500B47633 /* FirebaseFirestore in Frameworks */ = {isa = PBXBuildFile; productRef = 1E107EB32CDF4CF500B47633 /* FirebaseFirestore */; };
		1E107EB62CDF4CF500B47633 /* FirebaseFirestoreCombine-Community in Frameworks */ = {isa = PBXBuildFile; productRef = 1E107EB52CDF4CF500B47633 /* FirebaseFirestoreCombine-Community */; };
		1E107EB82CDF4CF500B47633 /* FirebaseFunctions in Frameworks */ = {isa = PBXBuildFile; productRef = 1E107EB72CDF4CF500B47633 /* FirebaseFunctions */; };
		1E107EBA2CDF4CF500B47633 /* FirebaseFunctionsCombine-Community in Frameworks */ = {isa = PBXBuildFile; productRef = 1E107EB92CDF4CF500B47633 /* FirebaseFunctionsCombine-Community */; };
		1E107EBC2CDF4CF500B47633 /* FirebaseInAppMessaging-Beta in Frameworks */ = {isa = PBXBuildFile; productRef = 1E107EBB2CDF4CF500B47633 /* FirebaseInAppMessaging-Beta */; };
		1E107EBE2CDF4CF500B47633 /* FirebaseInstallations in Frameworks */ = {isa = PBXBuildFile; productRef = 1E107EBD2CDF4CF500B47633 /* FirebaseInstallations */; };
		1E107EC02CDF4CF500B47633 /* FirebaseMLModelDownloader in Frameworks */ = {isa = PBXBuildFile; productRef = 1E107EBF2CDF4CF500B47633 /* FirebaseMLModelDownloader */; };
		1E107EC22CDF4CF500B47633 /* FirebaseMessaging in Frameworks */ = {isa = PBXBuildFile; productRef = 1E107EC12CDF4CF500B47633 /* FirebaseMessaging */; };
		1E107EC42CDF4CF500B47633 /* FirebasePerformance in Frameworks */ = {isa = PBXBuildFile; productRef = 1E107EC32CDF4CF500B47633 /* FirebasePerformance */; };
		1E107EC62CDF4CF500B47633 /* FirebaseRemoteConfig in Frameworks */ = {isa = PBXBuildFile; productRef = 1E107EC52CDF4CF500B47633 /* FirebaseRemoteConfig */; };
		1E107EC82CDF4CF500B47633 /* FirebaseStorage in Frameworks */ = {isa = PBXBuildFile; productRef = 1E107EC72CDF4CF500B47633 /* FirebaseStorage */; };
		1E107ECA2CDF4CF500B47633 /* FirebaseStorageCombine-Community in Frameworks */ = {isa = PBXBuildFile; productRef = 1E107EC92CDF4CF500B47633 /* FirebaseStorageCombine-Community */; };
		1E107ECC2CDF4CF500B47633 /* FirebaseVertexAI in Frameworks */ = {isa = PBXBuildFile; productRef = 1E107ECB2CDF4CF500B47633 /* FirebaseVertexAI */; };
		1E107ECE2CDF4D0500B47633 /* FirebaseAuth in Frameworks */ = {isa = PBXBuildFile; productRef = 1E107ECD2CDF4D0500B47633 /* FirebaseAuth */; };
/* End PBXBuildFile section */

/* Begin PBXContainerItemProxy section */
		1EAD785F2CD52BFA00A7DC1D /* PBXContainerItemProxy */ = {
			isa = PBXContainerItemProxy;
			containerPortal = 1EAD78452CD52BF800A7DC1D /* Project object */;
			proxyType = 1;
			remoteGlobalIDString = 1EAD784C2CD52BF900A7DC1D;
			remoteInfo = "sarasboutique-ios";
		};
		1EAD78692CD52BFA00A7DC1D /* PBXContainerItemProxy */ = {
			isa = PBXContainerItemProxy;
			containerPortal = 1EAD78452CD52BF800A7DC1D /* Project object */;
			proxyType = 1;
			remoteGlobalIDString = 1EAD784C2CD52BF900A7DC1D;
			remoteInfo = "sarasboutique-ios";
		};
/* End PBXContainerItemProxy section */

/* Begin PBXFileReference section */
		1EAD784D2CD52BF900A7DC1D /* sarasboutique-ios.app */ = {isa = PBXFileReference; explicitFileType = wrapper.application; includeInIndex = 0; path = "sarasboutique-ios.app"; sourceTree = BUILT_PRODUCTS_DIR; };
		1EAD785E2CD52BFA00A7DC1D /* sarasboutique-iosTests.xctest */ = {isa = PBXFileReference; explicitFileType = wrapper.cfbundle; includeInIndex = 0; path = "sarasboutique-iosTests.xctest"; sourceTree = BUILT_PRODUCTS_DIR; };
		1EAD78682CD52BFA00A7DC1D /* sarasboutique-iosUITests.xctest */ = {isa = PBXFileReference; explicitFileType = wrapper.cfbundle; includeInIndex = 0; path = "sarasboutique-iosUITests.xctest"; sourceTree = BUILT_PRODUCTS_DIR; };
/* End PBXFileReference section */

/* Begin PBXFileSystemSynchronizedRootGroup section */
		1EAD784F2CD52BF900A7DC1D /* sarasboutique-ios */ = {
			isa = PBXFileSystemSynchronizedRootGroup;
			path = "sarasboutique-ios";
			sourceTree = "<group>";
		};
		1EAD78612CD52BFA00A7DC1D /* sarasboutique-iosTests */ = {
			isa = PBXFileSystemSynchronizedRootGroup;
			path = "sarasboutique-iosTests";
			sourceTree = "<group>";
		};
		1EAD786B2CD52BFA00A7DC1D /* sarasboutique-iosUITests */ = {
			isa = PBXFileSystemSynchronizedRootGroup;
			path = "sarasboutique-iosUITests";
			sourceTree = "<group>";
		};
/* End PBXFileSystemSynchronizedRootGroup section */

/* Begin PBXFrameworksBuildPhase section */
		1EAD784A2CD52BF900A7DC1D /* Frameworks */ = {
			isa = PBXFrameworksBuildPhase;
			buildActionMask = 2147483647;
			files = (
				1E107E902CDF4CAF00B47633 /* FirebaseFirestoreCombine-Community in Frameworks */,
				1E107EBA2CDF4CF500B47633 /* FirebaseFunctionsCombine-Community in Frameworks */,
				1E107EA62CDF4CAF00B47633 /* FirebaseVertexAI in Frameworks */,
				1E107EBE2CDF4CF500B47633 /* FirebaseInstallations in Frameworks */,
				1E107E922CDF4CAF00B47633 /* FirebaseFunctions in Frameworks */,
				1E107E9E2CDF4CAF00B47633 /* FirebasePerformance in Frameworks */,
				1E107EA42CDF4CAF00B47633 /* FirebaseStorageCombine-Community in Frameworks */,
				1E107ECE2CDF4D0500B47633 /* FirebaseAuth in Frameworks */,
				1E107EA02CDF4CAF00B47633 /* FirebaseRemoteConfig in Frameworks */,
				1E107EC22CDF4CF500B47633 /* FirebaseMessaging in Frameworks */,
				1E107E8A2CDF4CAF00B47633 /* FirebaseDatabase in Frameworks */,
				1E107E8C2CDF4CAF00B47633 /* FirebaseDynamicLinks in Frameworks */,
				1E107E2A2CDF407900B47633 /* FirebaseAppCheck in Frameworks */,
				1E107EB82CDF4CF500B47633 /* FirebaseFunctions in Frameworks */,
				1E107E822CDF4CAF00B47633 /* FirebaseAuth in Frameworks */,
				1E107EB02CDF4CF500B47633 /* FirebaseDatabase in Frameworks */,
				1E107ECC2CDF4CF500B47633 /* FirebaseVertexAI in Frameworks */,
				1E107E242CDF407900B47633 /* FirebaseAnalytics in Frameworks */,
				1E107EB42CDF4CF500B47633 /* FirebaseFirestore in Frameworks */,
				1E107EA82CDF4CF500B47633 /* FirebaseAuth in Frameworks */,
				1E107E8E2CDF4CAF00B47633 /* FirebaseFirestore in Frameworks */,
				1E107E9C2CDF4CAF00B47633 /* FirebaseMessaging in Frameworks */,
				1E107E982CDF4CAF00B47633 /* FirebaseInstallations in Frameworks */,
				1E107E942CDF4CAF00B47633 /* FirebaseFunctionsCombine-Community in Frameworks */,
				1E107ECA2CDF4CF500B47633 /* FirebaseStorageCombine-Community in Frameworks */,
				1E107E2C2CDF407900B47633 /* FirebaseAppDistribution-Beta in Frameworks */,
				1E107EC42CDF4CF500B47633 /* FirebasePerformance in Frameworks */,
				1E107EC02CDF4CF500B47633 /* FirebaseMLModelDownloader in Frameworks */,
				1E107EAE2CDF4CF500B47633 /* FirebaseCrashlytics in Frameworks */,
				1E107EAA2CDF4CF500B47633 /* FirebaseAuthCombine-Community in Frameworks */,
				1E107E282CDF407900B47633 /* FirebaseAnalyticsWithoutAdIdSupport in Frameworks */,
				1E107E962CDF4CAF00B47633 /* FirebaseInAppMessaging-Beta in Frameworks */,
				1E107E842CDF4CAF00B47633 /* FirebaseAuthCombine-Community in Frameworks */,
				1E107E882CDF4CAF00B47633 /* FirebaseCrashlytics in Frameworks */,
				1E107EB62CDF4CF500B47633 /* FirebaseFirestoreCombine-Community in Frameworks */,
				1E107E9A2CDF4CAF00B47633 /* FirebaseMLModelDownloader in Frameworks */,
				1E107EBC2CDF4CF500B47633 /* FirebaseInAppMessaging-Beta in Frameworks */,
				1E107EC82CDF4CF500B47633 /* FirebaseStorage in Frameworks */,
				1E107EA22CDF4CAF00B47633 /* FirebaseStorage in Frameworks */,
				1E107E862CDF4CAF00B47633 /* FirebaseCore in Frameworks */,
				1E107EAC2CDF4CF500B47633 /* FirebaseCore in Frameworks */,
				1E107E262CDF407900B47633 /* FirebaseAnalyticsOnDeviceConversion in Frameworks */,
				1E107EB22CDF4CF500B47633 /* FirebaseDynamicLinks in Frameworks */,
				1E107EC62CDF4CF500B47633 /* FirebaseRemoteConfig in Frameworks */,
			);
			runOnlyForDeploymentPostprocessing = 0;
		};
		1EAD785B2CD52BFA00A7DC1D /* Frameworks */ = {
			isa = PBXFrameworksBuildPhase;
			buildActionMask = 2147483647;
			files = (
			);
			runOnlyForDeploymentPostprocessing = 0;
		};
		1EAD78652CD52BFA00A7DC1D /* Frameworks */ = {
			isa = PBXFrameworksBuildPhase;
			buildActionMask = 2147483647;
			files = (
			);
			runOnlyForDeploymentPostprocessing = 0;
		};
/* End PBXFrameworksBuildPhase section */

/* Begin PBXGroup section */
		1EAD78442CD52BF800A7DC1D = {
			isa = PBXGroup;
			children = (
				1EAD784F2CD52BF900A7DC1D /* sarasboutique-ios */,
				1EAD78612CD52BFA00A7DC1D /* sarasboutique-iosTests */,
				1EAD786B2CD52BFA00A7DC1D /* sarasboutique-iosUITests */,
				1EAD784E2CD52BF900A7DC1D /* Products */,
			);
			sourceTree = "<group>";
		};
		1EAD784E2CD52BF900A7DC1D /* Products */ = {
			isa = PBXGroup;
			children = (
				1EAD784D2CD52BF900A7DC1D /* sarasboutique-ios.app */,
				1EAD785E2CD52BFA00A7DC1D /* sarasboutique-iosTests.xctest */,
				1EAD78682CD52BFA00A7DC1D /* sarasboutique-iosUITests.xctest */,
			);
			name = Products;
			sourceTree = "<group>";
		};
/* End PBXGroup section */

/* Begin PBXNativeTarget section */
		1EAD784C2CD52BF900A7DC1D /* sarasboutique-ios */ = {
			isa = PBXNativeTarget;
			buildConfigurationList = 1EAD78722CD52BFA00A7DC1D /* Build configuration list for PBXNativeTarget "sarasboutique-ios" */;
			buildPhases = (
				1EAD78492CD52BF900A7DC1D /* Sources */,
				1EAD784A2CD52BF900A7DC1D /* Frameworks */,
				1EAD784B2CD52BF900A7DC1D /* Resources */,
			);
			buildRules = (
			);
			dependencies = (
			);
			fileSystemSynchronizedGroups = (
				1EAD784F2CD52BF900A7DC1D /* sarasboutique-ios */,
			);
			name = "sarasboutique-ios";
			packageProductDependencies = (
				1E107E232CDF407900B47633 /* FirebaseAnalytics */,
				1E107E252CDF407900B47633 /* FirebaseAnalyticsOnDeviceConversion */,
				1E107E272CDF407900B47633 /* FirebaseAnalyticsWithoutAdIdSupport */,
				1E107E292CDF407900B47633 /* FirebaseAppCheck */,
				1E107E2B2CDF407900B47633 /* FirebaseAppDistribution-Beta */,
				1E107E812CDF4CAF00B47633 /* FirebaseAuth */,
				1E107E832CDF4CAF00B47633 /* FirebaseAuthCombine-Community */,
				1E107E852CDF4CAF00B47633 /* FirebaseCore */,
				1E107E872CDF4CAF00B47633 /* FirebaseCrashlytics */,
				1E107E892CDF4CAF00B47633 /* FirebaseDatabase */,
				1E107E8B2CDF4CAF00B47633 /* FirebaseDynamicLinks */,
				1E107E8D2CDF4CAF00B47633 /* FirebaseFirestore */,
				1E107E8F2CDF4CAF00B47633 /* FirebaseFirestoreCombine-Community */,
				1E107E912CDF4CAF00B47633 /* FirebaseFunctions */,
				1E107E932CDF4CAF00B47633 /* FirebaseFunctionsCombine-Community */,
				1E107E952CDF4CAF00B47633 /* FirebaseInAppMessaging-Beta */,
				1E107E972CDF4CAF00B47633 /* FirebaseInstallations */,
				1E107E992CDF4CAF00B47633 /* FirebaseMLModelDownloader */,
				1E107E9B2CDF4CAF00B47633 /* FirebaseMessaging */,
				1E107E9D2CDF4CAF00B47633 /* FirebasePerformance */,
				1E107E9F2CDF4CAF00B47633 /* FirebaseRemoteConfig */,
				1E107EA12CDF4CAF00B47633 /* FirebaseStorage */,
				1E107EA32CDF4CAF00B47633 /* FirebaseStorageCombine-Community */,
				1E107EA52CDF4CAF00B47633 /* FirebaseVertexAI */,
				1E107EA72CDF4CF500B47633 /* FirebaseAuth */,
				1E107EA92CDF4CF500B47633 /* FirebaseAuthCombine-Community */,
				1E107EAB2CDF4CF500B47633 /* FirebaseCore */,
				1E107EAD2CDF4CF500B47633 /* FirebaseCrashlytics */,
				1E107EAF2CDF4CF500B47633 /* FirebaseDatabase */,
				1E107EB12CDF4CF500B47633 /* FirebaseDynamicLinks */,
				1E107EB32CDF4CF500B47633 /* FirebaseFirestore */,
				1E107EB52CDF4CF500B47633 /* FirebaseFirestoreCombine-Community */,
				1E107EB72CDF4CF500B47633 /* FirebaseFunctions */,
				1E107EB92CDF4CF500B47633 /* FirebaseFunctionsCombine-Community */,
				1E107EBB2CDF4CF500B47633 /* FirebaseInAppMessaging-Beta */,
				1E107EBD2CDF4CF500B47633 /* FirebaseInstallations */,
				1E107EBF2CDF4CF500B47633 /* FirebaseMLModelDownloader */,
				1E107EC12CDF4CF500B47633 /* FirebaseMessaging */,
				1E107EC32CDF4CF500B47633 /* FirebasePerformance */,
				1E107EC52CDF4CF500B47633 /* FirebaseRemoteConfig */,
				1E107EC72CDF4CF500B47633 /* FirebaseStorage */,
				1E107EC92CDF4CF500B47633 /* FirebaseStorageCombine-Community */,
				1E107ECB2CDF4CF500B47633 /* FirebaseVertexAI */,
				1E107ECD2CDF4D0500B47633 /* FirebaseAuth */,
			);
			productName = "sarasboutique-ios";
			productReference = 1EAD784D2CD52BF900A7DC1D /* sarasboutique-ios.app */;
			productType = "com.apple.product-type.application";
		};
		1EAD785D2CD52BFA00A7DC1D /* sarasboutique-iosTests */ = {
			isa = PBXNativeTarget;
			buildConfigurationList = 1EAD78752CD52BFA00A7DC1D /* Build configuration list for PBXNativeTarget "sarasboutique-iosTests" */;
			buildPhases = (
				1EAD785A2CD52BFA00A7DC1D /* Sources */,
				1EAD785B2CD52BFA00A7DC1D /* Frameworks */,
				1EAD785C2CD52BFA00A7DC1D /* Resources */,
			);
			buildRules = (
			);
			dependencies = (
				1EAD78602CD52BFA00A7DC1D /* PBXTargetDependency */,
			);
			fileSystemSynchronizedGroups = (
				1EAD78612CD52BFA00A7DC1D /* sarasboutique-iosTests */,
			);
			name = "sarasboutique-iosTests";
			packageProductDependencies = (
			);
			productName = "sarasboutique-iosTests";
			productReference = 1EAD785E2CD52BFA00A7DC1D /* sarasboutique-iosTests.xctest */;
			productType = "com.apple.product-type.bundle.unit-test";
		};
		1EAD78672CD52BFA00A7DC1D /* sarasboutique-iosUITests */ = {
			isa = PBXNativeTarget;
			buildConfigurationList = 1EAD78782CD52BFA00A7DC1D /* Build configuration list for PBXNativeTarget "sarasboutique-iosUITests" */;
			buildPhases = (
				1EAD78642CD52BFA00A7DC1D /* Sources */,
				1EAD78652CD52BFA00A7DC1D /* Frameworks */,
				1EAD78662CD52BFA00A7DC1D /* Resources */,
			);
			buildRules = (
			);
			dependencies = (
				1EAD786A2CD52BFA00A7DC1D /* PBXTargetDependency */,
			);
			fileSystemSynchronizedGroups = (
				1EAD786B2CD52BFA00A7DC1D /* sarasboutique-iosUITests */,
			);
			name = "sarasboutique-iosUITests";
			packageProductDependencies = (
			);
			productName = "sarasboutique-iosUITests";
			productReference = 1EAD78682CD52BFA00A7DC1D /* sarasboutique-iosUITests.xctest */;
			productType = "com.apple.product-type.bundle.ui-testing";
		};
/* End PBXNativeTarget section */

/* Begin PBXProject section */
		1EAD78452CD52BF800A7DC1D /* Project object */ = {
			isa = PBXProject;
			attributes = {
				BuildIndependentTargetsInParallel = 1;
				LastSwiftUpdateCheck = 1610;
				LastUpgradeCheck = 1610;
				TargetAttributes = {
					1EAD784C2CD52BF900A7DC1D = {
						CreatedOnToolsVersion = 16.1;
					};
					1EAD785D2CD52BFA00A7DC1D = {
						CreatedOnToolsVersion = 16.1;
						TestTargetID = 1EAD784C2CD52BF900A7DC1D;
					};
					1EAD78672CD52BFA00A7DC1D = {
						CreatedOnToolsVersion = 16.1;
						TestTargetID = 1EAD784C2CD52BF900A7DC1D;
					};
				};
			};
			buildConfigurationList = 1EAD78482CD52BF800A7DC1D /* Build configuration list for PBXProject "sarasboutique-ios" */;
			developmentRegion = en;
			hasScannedForEncodings = 0;
			knownRegions = (
				en,
				Base,
			);
			mainGroup = 1EAD78442CD52BF800A7DC1D;
			minimizedProjectReferenceProxies = 1;
			packageReferences = (
				1E107E222CDF407900B47633 /* XCRemoteSwiftPackageReference "firebase-ios-sdk" */,
			);
			preferredProjectObjectVersion = 77;
			productRefGroup = 1EAD784E2CD52BF900A7DC1D /* Products */;
			projectDirPath = "";
			projectRoot = "";
			targets = (
				1EAD784C2CD52BF900A7DC1D /* sarasboutique-ios */,
				1EAD785D2CD52BFA00A7DC1D /* sarasboutique-iosTests */,
				1EAD78672CD52BFA00A7DC1D /* sarasboutique-iosUITests */,
			);
		};
/* End PBXProject section */

/* Begin PBXResourcesBuildPhase section */
		1EAD784B2CD52BF900A7DC1D /* Resources */ = {
			isa = PBXResourcesBuildPhase;
			buildActionMask = 2147483647;
			files = (
			);
			runOnlyForDeploymentPostprocessing = 0;
		};
		1EAD785C2CD52BFA00A7DC1D /* Resources */ = {
			isa = PBXResourcesBuildPhase;
			buildActionMask = 2147483647;
			files = (
			);
			runOnlyForDeploymentPostprocessing = 0;
		};
		1EAD78662CD52BFA00A7DC1D /* Resources */ = {
			isa = PBXResourcesBuildPhase;
			buildActionMask = 2147483647;
			files = (
			);
			runOnlyForDeploymentPostprocessing = 0;
		};
/* End PBXResourcesBuildPhase section */

/* Begin PBXSourcesBuildPhase section */
		1EAD78492CD52BF900A7DC1D /* Sources */ = {
			isa = PBXSourcesBuildPhase;
			buildActionMask = 2147483647;
			files = (
			);
			runOnlyForDeploymentPostprocessing = 0;
		};
		1EAD785A2CD52BFA00A7DC1D /* Sources */ = {
			isa = PBXSourcesBuildPhase;
			buildActionMask = 2147483647;
			files = (
			);
			runOnlyForDeploymentPostprocessing = 0;
		};
		1EAD78642CD52BFA00A7DC1D /* Sources */ = {
			isa = PBXSourcesBuildPhase;
			buildActionMask = 2147483647;
			files = (
			);
			runOnlyForDeploymentPostprocessing = 0;
		};
/* End PBXSourcesBuildPhase section */

/* Begin PBXTargetDependency section */
		1EAD78602CD52BFA00A7DC1D /* PBXTargetDependency */ = {
			isa = PBXTargetDependency;
			target = 1EAD784C2CD52BF900A7DC1D /* sarasboutique-ios */;
			targetProxy = 1EAD785F2CD52BFA00A7DC1D /* PBXContainerItemProxy */;
		};
		1EAD786A2CD52BFA00A7DC1D /* PBXTargetDependency */ = {
			isa = PBXTargetDependency;
			target = 1EAD784C2CD52BF900A7DC1D /* sarasboutique-ios */;
			targetProxy = 1EAD78692CD52BFA00A7DC1D /* PBXContainerItemProxy */;
		};
/* End PBXTargetDependency section */

/* Begin XCBuildConfiguration section */
		1EAD78702CD52BFA00A7DC1D /* Debug */ = {
			isa = XCBuildConfiguration;
			buildSettings = {
				ALWAYS_SEARCH_USER_PATHS = NO;
				ASSETCATALOG_COMPILER_GENERATE_SWIFT_ASSET_SYMBOL_EXTENSIONS = YES;
				CLANG_ANALYZER_NONNULL = YES;
				CLANG_ANALYZER_NUMBER_OBJECT_CONVERSION = YES_AGGRESSIVE;
				CLANG_CXX_LANGUAGE_STANDARD = "gnu++20";
				CLANG_ENABLE_MODULES = YES;
				CLANG_ENABLE_OBJC_ARC = YES;
				CLANG_ENABLE_OBJC_WEAK = YES;
				CLANG_WARN_BLOCK_CAPTURE_AUTORELEASING = YES;
				CLANG_WARN_BOOL_CONVERSION = YES;
				CLANG_WARN_COMMA = YES;
				CLANG_WARN_CONSTANT_CONVERSION = YES;
				CLANG_WARN_DEPRECATED_OBJC_IMPLEMENTATIONS = YES;
				CLANG_WARN_DIRECT_OBJC_ISA_USAGE = YES_ERROR;
				CLANG_WARN_DOCUMENTATION_COMMENTS = YES;
				CLANG_WARN_EMPTY_BODY = YES;
				CLANG_WARN_ENUM_CONVERSION = YES;
				CLANG_WARN_INFINITE_RECURSION = YES;
				CLANG_WARN_INT_CONVERSION = YES;
				CLANG_WARN_NON_LITERAL_NULL_CONVERSION = YES;
				CLANG_WARN_OBJC_IMPLICIT_RETAIN_SELF = YES;
				CLANG_WARN_OBJC_LITERAL_CONVERSION = YES;
				CLANG_WARN_OBJC_ROOT_CLASS = YES_ERROR;
				CLANG_WARN_QUOTED_INCLUDE_IN_FRAMEWORK_HEADER = YES;
				CLANG_WARN_RANGE_LOOP_ANALYSIS = YES;
				CLANG_WARN_STRICT_PROTOTYPES = YES;
				CLANG_WARN_SUSPICIOUS_MOVE = YES;
				CLANG_WARN_UNGUARDED_AVAILABILITY = YES_AGGRESSIVE;
				CLANG_WARN_UNREACHABLE_CODE = YES;
				CLANG_WARN__DUPLICATE_METHOD_MATCH = YES;
				COPY_PHASE_STRIP = NO;
				DEBUG_INFORMATION_FORMAT = dwarf;
				ENABLE_STRICT_OBJC_MSGSEND = YES;
				ENABLE_TESTABILITY = YES;
				ENABLE_USER_SCRIPT_SANDBOXING = YES;
				GCC_C_LANGUAGE_STANDARD = gnu17;
				GCC_DYNAMIC_NO_PIC = NO;
				GCC_NO_COMMON_BLOCKS = YES;
				GCC_OPTIMIZATION_LEVEL = 0;
				GCC_PREPROCESSOR_DEFINITIONS = (
					"DEBUG=1",
					"$(inherited)",
				);
				GCC_WARN_64_TO_32_BIT_CONVERSION = YES;
				GCC_WARN_ABOUT_RETURN_TYPE = YES_ERROR;
				GCC_WARN_UNDECLARED_SELECTOR = YES;
				GCC_WARN_UNINITIALIZED_AUTOS = YES_AGGRESSIVE;
				GCC_WARN_UNUSED_FUNCTION = YES;
				GCC_WARN_UNUSED_VARIABLE = YES;
				LOCALIZATION_PREFERS_STRING_CATALOGS = YES;
				MTL_ENABLE_DEBUG_INFO = INCLUDE_SOURCE;
				MTL_FAST_MATH = YES;
				ONLY_ACTIVE_ARCH = YES;
				SWIFT_ACTIVE_COMPILATION_CONDITIONS = "DEBUG $(inherited)";
				SWIFT_OPTIMIZATION_LEVEL = "-Onone";
			};
			name = Debug;
		};
		1EAD78712CD52BFA00A7DC1D /* Release */ = {
			isa = XCBuildConfiguration;
			buildSettings = {
				ALWAYS_SEARCH_USER_PATHS = NO;
				ASSETCATALOG_COMPILER_GENERATE_SWIFT_ASSET_SYMBOL_EXTENSIONS = YES;
				CLANG_ANALYZER_NONNULL = YES;
				CLANG_ANALYZER_NUMBER_OBJECT_CONVERSION = YES_AGGRESSIVE;
				CLANG_CXX_LANGUAGE_STANDARD = "gnu++20";
				CLANG_ENABLE_MODULES = YES;
				CLANG_ENABLE_OBJC_ARC = YES;
				CLANG_ENABLE_OBJC_WEAK = YES;
				CLANG_WARN_BLOCK_CAPTURE_AUTORELEASING = YES;
				CLANG_WARN_BOOL_CONVERSION = YES;
				CLANG_WARN_COMMA = YES;
				CLANG_WARN_CONSTANT_CONVERSION = YES;
				CLANG_WARN_DEPRECATED_OBJC_IMPLEMENTATIONS = YES;
				CLANG_WARN_DIRECT_OBJC_ISA_USAGE = YES_ERROR;
				CLANG_WARN_DOCUMENTATION_COMMENTS = YES;
				CLANG_WARN_EMPTY_BODY = YES;
				CLANG_WARN_ENUM_CONVERSION = YES;
				CLANG_WARN_INFINITE_RECURSION = YES;
				CLANG_WARN_INT_CONVERSION = YES;
				CLANG_WARN_NON_LITERAL_NULL_CONVERSION = YES;
				CLANG_WARN_OBJC_IMPLICIT_RETAIN_SELF = YES;
				CLANG_WARN_OBJC_LITERAL_CONVERSION = YES;
				CLANG_WARN_OBJC_ROOT_CLASS = YES_ERROR;
				CLANG_WARN_QUOTED_INCLUDE_IN_FRAMEWORK_HEADER = YES;
				CLANG_WARN_RANGE_LOOP_ANALYSIS = YES;
				CLANG_WARN_STRICT_PROTOTYPES = YES;
				CLANG_WARN_SUSPICIOUS_MOVE = YES;
				CLANG_WARN_UNGUARDED_AVAILABILITY = YES_AGGRESSIVE;
				CLANG_WARN_UNREACHABLE_CODE = YES;
				CLANG_WARN__DUPLICATE_METHOD_MATCH = YES;
				COPY_PHASE_STRIP = NO;
				DEBUG_INFORMATION_FORMAT = "dwarf-with-dsym";
				ENABLE_NS_ASSERTIONS = NO;
				ENABLE_STRICT_OBJC_MSGSEND = YES;
				ENABLE_USER_SCRIPT_SANDBOXING = YES;
				GCC_C_LANGUAGE_STANDARD = gnu17;
				GCC_NO_COMMON_BLOCKS = YES;
				GCC_WARN_64_TO_32_BIT_CONVERSION = YES;
				GCC_WARN_ABOUT_RETURN_TYPE = YES_ERROR;
				GCC_WARN_UNDECLARED_SELECTOR = YES;
				GCC_WARN_UNINITIALIZED_AUTOS = YES_AGGRESSIVE;
				GCC_WARN_UNUSED_FUNCTION = YES;
				GCC_WARN_UNUSED_VARIABLE = YES;
				LOCALIZATION_PREFERS_STRING_CATALOGS = YES;
				MTL_ENABLE_DEBUG_INFO = NO;
				MTL_FAST_MATH = YES;
				SWIFT_COMPILATION_MODE = wholemodule;
			};
			name = Release;
		};
		1EAD78732CD52BFA00A7DC1D /* Debug */ = {
			isa = XCBuildConfiguration;
			buildSettings = {
				ASSETCATALOG_COMPILER_APPICON_NAME = AppIcon;
				ASSETCATALOG_COMPILER_GLOBAL_ACCENT_COLOR_NAME = AccentColor;
				CODE_SIGN_ENTITLEMENTS = "sarasboutique-ios/sarasboutique_ios.entitlements";
				CODE_SIGN_STYLE = Automatic;
				CURRENT_PROJECT_VERSION = 1;
				DEVELOPMENT_ASSET_PATHS = "\"sarasboutique-ios/Preview Content\"";
				DEVELOPMENT_TEAM = 9MY84A3975;
				ENABLE_PREVIEWS = YES;
				GENERATE_INFOPLIST_FILE = YES;
				"INFOPLIST_KEY_UIApplicationSceneManifest_Generation[sdk=iphoneos*]" = YES;
				"INFOPLIST_KEY_UIApplicationSceneManifest_Generation[sdk=iphonesimulator*]" = YES;
				"INFOPLIST_KEY_UIApplicationSupportsIndirectInputEvents[sdk=iphoneos*]" = YES;
				"INFOPLIST_KEY_UIApplicationSupportsIndirectInputEvents[sdk=iphonesimulator*]" = YES;
				"INFOPLIST_KEY_UILaunchScreen_Generation[sdk=iphoneos*]" = YES;
				"INFOPLIST_KEY_UILaunchScreen_Generation[sdk=iphonesimulator*]" = YES;
				"INFOPLIST_KEY_UIStatusBarStyle[sdk=iphoneos*]" = UIStatusBarStyleDefault;
				"INFOPLIST_KEY_UIStatusBarStyle[sdk=iphonesimulator*]" = UIStatusBarStyleDefault;
				INFOPLIST_KEY_UISupportedInterfaceOrientations_iPad = "UIInterfaceOrientationPortrait UIInterfaceOrientationPortraitUpsideDown UIInterfaceOrientationLandscapeLeft UIInterfaceOrientationLandscapeRight";
				INFOPLIST_KEY_UISupportedInterfaceOrientations_iPhone = "UIInterfaceOrientationPortrait UIInterfaceOrientationLandscapeLeft UIInterfaceOrientationLandscapeRight";
				IPHONEOS_DEPLOYMENT_TARGET = 18.1;
				LD_RUNPATH_SEARCH_PATHS = "@executable_path/Frameworks";
				"LD_RUNPATH_SEARCH_PATHS[sdk=macosx*]" = "@executable_path/../Frameworks";
				MACOSX_DEPLOYMENT_TARGET = 15.1;
				MARKETING_VERSION = 1.0;
				PRODUCT_BUNDLE_IDENTIFIER = "sarasboutique.sarasboutique-ios";
				PRODUCT_NAME = "$(TARGET_NAME)";
				SDKROOT = auto;
				SUPPORTED_PLATFORMS = "iphoneos iphonesimulator macosx xros xrsimulator";
				SWIFT_EMIT_LOC_STRINGS = YES;
				SWIFT_VERSION = 5.0;
				TARGETED_DEVICE_FAMILY = "1,2,7";
				XROS_DEPLOYMENT_TARGET = 2.1;
			};
			name = Debug;
		};
		1EAD78742CD52BFA00A7DC1D /* Release */ = {
			isa = XCBuildConfiguration;
			buildSettings = {
				ASSETCATALOG_COMPILER_APPICON_NAME = AppIcon;
				ASSETCATALOG_COMPILER_GLOBAL_ACCENT_COLOR_NAME = AccentColor;
				CODE_SIGN_ENTITLEMENTS = "sarasboutique-ios/sarasboutique_ios.entitlements";
				CODE_SIGN_STYLE = Automatic;
				CURRENT_PROJECT_VERSION = 1;
				DEVELOPMENT_ASSET_PATHS = "\"sarasboutique-ios/Preview Content\"";
				DEVELOPMENT_TEAM = 9MY84A3975;
				ENABLE_PREVIEWS = YES;
				GENERATE_INFOPLIST_FILE = YES;
				"INFOPLIST_KEY_UIApplicationSceneManifest_Generation[sdk=iphoneos*]" = YES;
				"INFOPLIST_KEY_UIApplicationSceneManifest_Generation[sdk=iphonesimulator*]" = YES;
				"INFOPLIST_KEY_UIApplicationSupportsIndirectInputEvents[sdk=iphoneos*]" = YES;
				"INFOPLIST_KEY_UIApplicationSupportsIndirectInputEvents[sdk=iphonesimulator*]" = YES;
				"INFOPLIST_KEY_UILaunchScreen_Generation[sdk=iphoneos*]" = YES;
				"INFOPLIST_KEY_UILaunchScreen_Generation[sdk=iphonesimulator*]" = YES;
				"INFOPLIST_KEY_UIStatusBarStyle[sdk=iphoneos*]" = UIStatusBarStyleDefault;
				"INFOPLIST_KEY_UIStatusBarStyle[sdk=iphonesimulator*]" = UIStatusBarStyleDefault;
				INFOPLIST_KEY_UISupportedInterfaceOrientations_iPad = "UIInterfaceOrientationPortrait UIInterfaceOrientationPortraitUpsideDown UIInterfaceOrientationLandscapeLeft UIInterfaceOrientationLandscapeRight";
				INFOPLIST_KEY_UISupportedInterfaceOrientations_iPhone = "UIInterfaceOrientationPortrait UIInterfaceOrientationLandscapeLeft UIInterfaceOrientationLandscapeRight";
				IPHONEOS_DEPLOYMENT_TARGET = 18.1;
				LD_RUNPATH_SEARCH_PATHS = "@executable_path/Frameworks";
				"LD_RUNPATH_SEARCH_PATHS[sdk=macosx*]" = "@executable_path/../Frameworks";
				MACOSX_DEPLOYMENT_TARGET = 15.1;
				MARKETING_VERSION = 1.0;
				PRODUCT_BUNDLE_IDENTIFIER = "sarasboutique.sarasboutique-ios";
				PRODUCT_NAME = "$(TARGET_NAME)";
				SDKROOT = auto;
				SUPPORTED_PLATFORMS = "iphoneos iphonesimulator macosx xros xrsimulator";
				SWIFT_EMIT_LOC_STRINGS = YES;
				SWIFT_VERSION = 5.0;
				TARGETED_DEVICE_FAMILY = "1,2,7";
				XROS_DEPLOYMENT_TARGET = 2.1;
			};
			name = Release;
		};
		1EAD78762CD52BFA00A7DC1D /* Debug */ = {
			isa = XCBuildConfiguration;
			buildSettings = {
				BUNDLE_LOADER = "$(TEST_HOST)";
				CODE_SIGN_STYLE = Automatic;
				CURRENT_PROJECT_VERSION = 1;
				GENERATE_INFOPLIST_FILE = YES;
				IPHONEOS_DEPLOYMENT_TARGET = 18.1;
				MACOSX_DEPLOYMENT_TARGET = 15.1;
				MARKETING_VERSION = 1.0;
				PRODUCT_BUNDLE_IDENTIFIER = "sarasboutique.sarasboutique-iosTests";
				PRODUCT_NAME = "$(TARGET_NAME)";
				SDKROOT = auto;
				SUPPORTED_PLATFORMS = "iphoneos iphonesimulator macosx xros xrsimulator";
				SWIFT_EMIT_LOC_STRINGS = NO;
				SWIFT_VERSION = 5.0;
				TARGETED_DEVICE_FAMILY = "1,2,7";
				TEST_HOST = "$(BUILT_PRODUCTS_DIR)/sarasboutique-ios.app/$(BUNDLE_EXECUTABLE_FOLDER_PATH)/sarasboutique-ios";
				XROS_DEPLOYMENT_TARGET = 2.1;
			};
			name = Debug;
		};
		1EAD78772CD52BFA00A7DC1D /* Release */ = {
			isa = XCBuildConfiguration;
			buildSettings = {
				BUNDLE_LOADER = "$(TEST_HOST)";
				CODE_SIGN_STYLE = Automatic;
				CURRENT_PROJECT_VERSION = 1;
				GENERATE_INFOPLIST_FILE = YES;
				IPHONEOS_DEPLOYMENT_TARGET = 18.1;
				MACOSX_DEPLOYMENT_TARGET = 15.1;
				MARKETING_VERSION = 1.0;
				PRODUCT_BUNDLE_IDENTIFIER = "sarasboutique.sarasboutique-iosTests";
				PRODUCT_NAME = "$(TARGET_NAME)";
				SDKROOT = auto;
				SUPPORTED_PLATFORMS = "iphoneos iphonesimulator macosx xros xrsimulator";
				SWIFT_EMIT_LOC_STRINGS = NO;
				SWIFT_VERSION = 5.0;
				TARGETED_DEVICE_FAMILY = "1,2,7";
				TEST_HOST = "$(BUILT_PRODUCTS_DIR)/sarasboutique-ios.app/$(BUNDLE_EXECUTABLE_FOLDER_PATH)/sarasboutique-ios";
				XROS_DEPLOYMENT_TARGET = 2.1;
			};
			name = Release;
		};
		1EAD78792CD52BFA00A7DC1D /* Debug */ = {
			isa = XCBuildConfiguration;
			buildSettings = {
				CODE_SIGN_STYLE = Automatic;
				CURRENT_PROJECT_VERSION = 1;
				GENERATE_INFOPLIST_FILE = YES;
				IPHONEOS_DEPLOYMENT_TARGET = 18.1;
				MACOSX_DEPLOYMENT_TARGET = 15.1;
				MARKETING_VERSION = 1.0;
				PRODUCT_BUNDLE_IDENTIFIER = "sarasboutique.sarasboutique-iosUITests";
				PRODUCT_NAME = "$(TARGET_NAME)";
				SDKROOT = auto;
				SUPPORTED_PLATFORMS = "iphoneos iphonesimulator macosx xros xrsimulator";
				SWIFT_EMIT_LOC_STRINGS = NO;
				SWIFT_VERSION = 5.0;
				TARGETED_DEVICE_FAMILY = "1,2,7";
				TEST_TARGET_NAME = "sarasboutique-ios";
				XROS_DEPLOYMENT_TARGET = 2.1;
			};
			name = Debug;
		};
		1EAD787A2CD52BFA00A7DC1D /* Release */ = {
			isa = XCBuildConfiguration;
			buildSettings = {
				CODE_SIGN_STYLE = Automatic;
				CURRENT_PROJECT_VERSION = 1;
				GENERATE_INFOPLIST_FILE = YES;
				IPHONEOS_DEPLOYMENT_TARGET = 18.1;
				MACOSX_DEPLOYMENT_TARGET = 15.1;
				MARKETING_VERSION = 1.0;
				PRODUCT_BUNDLE_IDENTIFIER = "sarasboutique.sarasboutique-iosUITests";
				PRODUCT_NAME = "$(TARGET_NAME)";
				SDKROOT = auto;
				SUPPORTED_PLATFORMS = "iphoneos iphonesimulator macosx xros xrsimulator";
				SWIFT_EMIT_LOC_STRINGS = NO;
				SWIFT_VERSION = 5.0;
				TARGETED_DEVICE_FAMILY = "1,2,7";
				TEST_TARGET_NAME = "sarasboutique-ios";
				XROS_DEPLOYMENT_TARGET = 2.1;
			};
			name = Release;
		};
/* End XCBuildConfiguration section */

/* Begin XCConfigurationList section */
		1EAD78482CD52BF800A7DC1D /* Build configuration list for PBXProject "sarasboutique-ios" */ = {
			isa = XCConfigurationList;
			buildConfigurations = (
				1EAD78702CD52BFA00A7DC1D /* Debug */,
				1EAD78712CD52BFA00A7DC1D /* Release */,
			);
			defaultConfigurationIsVisible = 0;
			defaultConfigurationName = Release;
		};
		1EAD78722CD52BFA00A7DC1D /* Build configuration list for PBXNativeTarget "sarasboutique-ios" */ = {
			isa = XCConfigurationList;
			buildConfigurations = (
				1EAD78732CD52BFA00A7DC1D /* Debug */,
				1EAD78742CD52BFA00A7DC1D /* Release */,
			);
			defaultConfigurationIsVisible = 0;
			defaultConfigurationName = Release;
		};
		1EAD78752CD52BFA00A7DC1D /* Build configuration list for PBXNativeTarget "sarasboutique-iosTests" */ = {
			isa = XCConfigurationList;
			buildConfigurations = (
				1EAD78762CD52BFA00A7DC1D /* Debug */,
				1EAD78772CD52BFA00A7DC1D /* Release */,
			);
			defaultConfigurationIsVisible = 0;
			defaultConfigurationName = Release;
		};
		1EAD78782CD52BFA00A7DC1D /* Build configuration list for PBXNativeTarget "sarasboutique-iosUITests" */ = {
			isa = XCConfigurationList;
			buildConfigurations = (
				1EAD78792CD52BFA00A7DC1D /* Debug */,
				1EAD787A2CD52BFA00A7DC1D /* Release */,
			);
			defaultConfigurationIsVisible = 0;
			defaultConfigurationName = Release;
		};
/* End XCConfigurationList section */

/* Begin XCRemoteSwiftPackageReference section */
		1E107E222CDF407900B47633 /* XCRemoteSwiftPackageReference "firebase-ios-sdk" */ = {
			isa = XCRemoteSwiftPackageReference;
			repositoryURL = "https://github.com/firebase/firebase-ios-sdk";
			requirement = {
				kind = upToNextMajorVersion;
				minimumVersion = 11.4.0;
			};
		};
/* End XCRemoteSwiftPackageReference section */

/* Begin XCSwiftPackageProductDependency section */
		1E107E232CDF407900B47633 /* FirebaseAnalytics */ = {
			isa = XCSwiftPackageProductDependency;
			package = 1E107E222CDF407900B47633 /* XCRemoteSwiftPackageReference "firebase-ios-sdk" */;
			productName = FirebaseAnalytics;
		};
		1E107E252CDF407900B47633 /* FirebaseAnalyticsOnDeviceConversion */ = {
			isa = XCSwiftPackageProductDependency;
			package = 1E107E222CDF407900B47633 /* XCRemoteSwiftPackageReference "firebase-ios-sdk" */;
			productName = FirebaseAnalyticsOnDeviceConversion;
		};
		1E107E272CDF407900B47633 /* FirebaseAnalyticsWithoutAdIdSupport */ = {
			isa = XCSwiftPackageProductDependency;
			package = 1E107E222CDF407900B47633 /* XCRemoteSwiftPackageReference "firebase-ios-sdk" */;
			productName = FirebaseAnalyticsWithoutAdIdSupport;
		};
		1E107E292CDF407900B47633 /* FirebaseAppCheck */ = {
			isa = XCSwiftPackageProductDependency;
			package = 1E107E222CDF407900B47633 /* XCRemoteSwiftPackageReference "firebase-ios-sdk" */;
			productName = FirebaseAppCheck;
		};
		1E107E2B2CDF407900B47633 /* FirebaseAppDistribution-Beta */ = {
			isa = XCSwiftPackageProductDependency;
			package = 1E107E222CDF407900B47633 /* XCRemoteSwiftPackageReference "firebase-ios-sdk" */;
			productName = "FirebaseAppDistribution-Beta";
		};
		1E107E812CDF4CAF00B47633 /* FirebaseAuth */ = {
			isa = XCSwiftPackageProductDependency;
			productName = FirebaseAuth;
		};
		1E107E832CDF4CAF00B47633 /* FirebaseAuthCombine-Community */ = {
			isa = XCSwiftPackageProductDependency;
			productName = "FirebaseAuthCombine-Community";
		};
		1E107E852CDF4CAF00B47633 /* FirebaseCore */ = {
			isa = XCSwiftPackageProductDependency;
			productName = FirebaseCore;
		};
		1E107E872CDF4CAF00B47633 /* FirebaseCrashlytics */ = {
			isa = XCSwiftPackageProductDependency;
			productName = FirebaseCrashlytics;
		};
		1E107E892CDF4CAF00B47633 /* FirebaseDatabase */ = {
			isa = XCSwiftPackageProductDependency;
			productName = FirebaseDatabase;
		};
		1E107E8B2CDF4CAF00B47633 /* FirebaseDynamicLinks */ = {
			isa = XCSwiftPackageProductDependency;
			productName = FirebaseDynamicLinks;
		};
		1E107E8D2CDF4CAF00B47633 /* FirebaseFirestore */ = {
			isa = XCSwiftPackageProductDependency;
			productName = FirebaseFirestore;
		};
		1E107E8F2CDF4CAF00B47633 /* FirebaseFirestoreCombine-Community */ = {
			isa = XCSwiftPackageProductDependency;
			productName = "FirebaseFirestoreCombine-Community";
		};
		1E107E912CDF4CAF00B47633 /* FirebaseFunctions */ = {
			isa = XCSwiftPackageProductDependency;
			productName = FirebaseFunctions;
		};
		1E107E932CDF4CAF00B47633 /* FirebaseFunctionsCombine-Community */ = {
			isa = XCSwiftPackageProductDependency;
			productName = "FirebaseFunctionsCombine-Community";
		};
		1E107E952CDF4CAF00B47633 /* FirebaseInAppMessaging-Beta */ = {
			isa = XCSwiftPackageProductDependency;
			productName = "FirebaseInAppMessaging-Beta";
		};
		1E107E972CDF4CAF00B47633 /* FirebaseInstallations */ = {
			isa = XCSwiftPackageProductDependency;
			productName = FirebaseInstallations;
		};
		1E107E992CDF4CAF00B47633 /* FirebaseMLModelDownloader */ = {
			isa = XCSwiftPackageProductDependency;
			productName = FirebaseMLModelDownloader;
		};
		1E107E9B2CDF4CAF00B47633 /* FirebaseMessaging */ = {
			isa = XCSwiftPackageProductDependency;
			productName = FirebaseMessaging;
		};
		1E107E9D2CDF4CAF00B47633 /* FirebasePerformance */ = {
			isa = XCSwiftPackageProductDependency;
			productName = FirebasePerformance;
		};
		1E107E9F2CDF4CAF00B47633 /* FirebaseRemoteConfig */ = {
			isa = XCSwiftPackageProductDependency;
			productName = FirebaseRemoteConfig;
		};
		1E107EA12CDF4CAF00B47633 /* FirebaseStorage */ = {
			isa = XCSwiftPackageProductDependency;
			productName = FirebaseStorage;
		};
		1E107EA32CDF4CAF00B47633 /* FirebaseStorageCombine-Community */ = {
			isa = XCSwiftPackageProductDependency;
			productName = "FirebaseStorageCombine-Community";
		};
		1E107EA52CDF4CAF00B47633 /* FirebaseVertexAI */ = {
			isa = XCSwiftPackageProductDependency;
			productName = FirebaseVertexAI;
		};
		1E107EA72CDF4CF500B47633 /* FirebaseAuth */ = {
			isa = XCSwiftPackageProductDependency;
			productName = FirebaseAuth;
		};
		1E107EA92CDF4CF500B47633 /* FirebaseAuthCombine-Community */ = {
			isa = XCSwiftPackageProductDependency;
			productName = "FirebaseAuthCombine-Community";
		};
		1E107EAB2CDF4CF500B47633 /* FirebaseCore */ = {
			isa = XCSwiftPackageProductDependency;
			productName = FirebaseCore;
		};
		1E107EAD2CDF4CF500B47633 /* FirebaseCrashlytics */ = {
			isa = XCSwiftPackageProductDependency;
			productName = FirebaseCrashlytics;
		};
		1E107EAF2CDF4CF500B47633 /* FirebaseDatabase */ = {
			isa = XCSwiftPackageProductDependency;
			productName = FirebaseDatabase;
		};
		1E107EB12CDF4CF500B47633 /* FirebaseDynamicLinks */ = {
			isa = XCSwiftPackageProductDependency;
			productName = FirebaseDynamicLinks;
		};
		1E107EB32CDF4CF500B47633 /* FirebaseFirestore */ = {
			isa = XCSwiftPackageProductDependency;
			productName = FirebaseFirestore;
		};
		1E107EB52CDF4CF500B47633 /* FirebaseFirestoreCombine-Community */ = {
			isa = XCSwiftPackageProductDependency;
			productName = "FirebaseFirestoreCombine-Community";
		};
		1E107EB72CDF4CF500B47633 /* FirebaseFunctions */ = {
			isa = XCSwiftPackageProductDependency;
			productName = FirebaseFunctions;
		};
		1E107EB92CDF4CF500B47633 /* FirebaseFunctionsCombine-Community */ = {
			isa = XCSwiftPackageProductDependency;
			productName = "FirebaseFunctionsCombine-Community";
		};
		1E107EBB2CDF4CF500B47633 /* FirebaseInAppMessaging-Beta */ = {
			isa = XCSwiftPackageProductDependency;
			productName = "FirebaseInAppMessaging-Beta";
		};
		1E107EBD2CDF4CF500B47633 /* FirebaseInstallations */ = {
			isa = XCSwiftPackageProductDependency;
			productName = FirebaseInstallations;
		};
		1E107EBF2CDF4CF500B47633 /* FirebaseMLModelDownloader */ = {
			isa = XCSwiftPackageProductDependency;
			productName = FirebaseMLModelDownloader;
		};
		1E107EC12CDF4CF500B47633 /* FirebaseMessaging */ = {
			isa = XCSwiftPackageProductDependency;
			productName = FirebaseMessaging;
		};
		1E107EC32CDF4CF500B47633 /* FirebasePerformance */ = {
			isa = XCSwiftPackageProductDependency;
			productName = FirebasePerformance;
		};
		1E107EC52CDF4CF500B47633 /* FirebaseRemoteConfig */ = {
			isa = XCSwiftPackageProductDependency;
			productName = FirebaseRemoteConfig;
		};
		1E107EC72CDF4CF500B47633 /* FirebaseStorage */ = {
			isa = XCSwiftPackageProductDependency;
			productName = FirebaseStorage;
		};
		1E107EC92CDF4CF500B47633 /* FirebaseStorageCombine-Community */ = {
			isa = XCSwiftPackageProductDependency;
			productName = "FirebaseStorageCombine-Community";
		};
		1E107ECB2CDF4CF500B47633 /* FirebaseVertexAI */ = {
			isa = XCSwiftPackageProductDependency;
			productName = FirebaseVertexAI;
		};
		1E107ECD2CDF4D0500B47633 /* FirebaseAuth */ = {
			isa = XCSwiftPackageProductDependency;
			productName = FirebaseAuth;
		};
/* End XCSwiftPackageProductDependency section */
	};
	rootObject = 1EAD78452CD52BF800A7DC1D /* Project object */;
}
